
Microsoft Visual Studio Solution File, Format Version 12.00
# Visual Studio Version 17
VisualStudioVersion = 17.4.33205.214
MinimumVisualStudioVersion = 10.0.40219.1
Project("{FAE04EC0-301F-11D3-BF4B-00C04F79EFBC}") = "MisterTwister", "MisterTwister.csproj", "{253A95BB-5AD3-4541-920A-CFC19C7F5B1F}"
EndProject
Global
	GlobalSection(SolutionConfigurationPlatforms) = preSolution
		Debug|Any CPU = Debug|Any CPU
		Release|Any CPU = Release|Any CPU
	EndGlobalSection
	GlobalSection(ProjectConfigurationPlatforms) = postSolution
		{253A95BB-5AD3-4541-920A-CFC19C7F5B1F}.Debug|Any CPU.ActiveCfg = Debug|Any CPU
		{253A95BB-5AD3-4541-920A-CFC19C7F5B1F}.Debug|Any CPU.Build.0 = Debug|Any CPU
		{253A95BB-5AD3-4541-920A-CFC19C7F5B1F}.Release|Any CPU.ActiveCfg = Release|Any CPU
		{253A95BB-5AD3-4541-920A-CFC19C7F5B1F}.Release|Any CPU.Build.0 = Release|Any CPU
	EndGlobalSection
	GlobalSection(SolutionProperties) = preSolution
		HideSolutionNode = FALSE
	EndGlobalSection
	GlobalSection(ExtensibilityGlobals) = postSolution
		SolutionGuid = {F17BDA38-F751-44F5-9523-B037388FBB96}
	EndGlobalSection
EndGlobal
